
Microsoft Visual Studio Solution File, Format Version 12.00
# Visual Studio 15
VisualStudioVersion = 15.0.26711.1
MinimumVisualStudioVersion = 10.0.40219.1
Project("{FAE04EC0-301F-11D3-BF4B-00C04F79EFBC}") = "CVServiceBusSTS", "CVServiceBusSTS\CVServiceBusSTS.csproj", "{8AEE44F5-6B7E-4669-BDE1-524EF55CE018}"
EndProject
Global
	GlobalSection(SolutionConfigurationPlatforms) = preSolution
		Debug|Any CPU = Debug|Any CPU
		Release|Any CPU = Release|Any CPU
	EndGlobalSection
	GlobalSection(ProjectConfigurationPlatforms) = postSolution
		{8AEE44F5-6B7E-4669-BDE1-524EF55CE018}.Debug|Any CPU.ActiveCfg = Debug|Any CPU
		{8AEE44F5-6B7E-4669-BDE1-524EF55CE018}.Debug|Any CPU.Build.0 = Debug|Any CPU
		{8AEE44F5-6B7E-4669-BDE1-524EF55CE018}.Release|Any CPU.ActiveCfg = Release|Any CPU
		{8AEE44F5-6B7E-4669-BDE1-524EF55CE018}.Release|Any CPU.Build.0 = Release|Any CPU
	EndGlobalSection
	GlobalSection(SolutionProperties) = preSolution
		HideSolutionNode = FALSE
	EndGlobalSection
	GlobalSection(ExtensibilityGlobals) = postSolution
		SolutionGuid = {527B663A-1AF0-4DCF-9133-D5051ECAC1EF}
	EndGlobalSection
EndGlobal
